// !$*UTF8*$!
{
	archiveVersion = 1;
	classes = {
	};
	objectVersion = 56;
	objects = {

/* Begin PBXBuildFile section */
		B001000101000001 /* MangaLensApp.swift in Sources */ = {isa = PBXBuildFile; fileRef = A001000101000001 /* MangaLensApp.swift */; };
		B001000102000001 /* HomeView.swift in Sources */ = {isa = PBXBuildFile; fileRef = A001000102000001 /* HomeView.swift */; };
		B001000103000001 /* ScanView.swift in Sources */ = {isa = PBXBuildFile; fileRef = A001000103000001 /* ScanView.swift */; };
		B001000104000001 /* TranslationOverlayView.swift in Sources */ = {isa = PBXBuildFile; fileRef = A001000104000001 /* TranslationOverlayView.swift */; };
		B001000105000001 /* HistoryView.swift in Sources */ = {isa = PBXBuildFile; fileRef = A001000105000001 /* HistoryView.swift */; };
		B001000106000001 /* SettingsView.swift in Sources */ = {isa = PBXBuildFile; fileRef = A001000106000001 /* SettingsView.swift */; };
		B001000107000001 /* TranslationResult.swift in Sources */ = {isa = PBXBuildFile; fileRef = A001000107000001 /* TranslationResult.swift */; };
		B001000108000001 /* ScanSession.swift in Sources */ = {isa = PBXBuildFile; fileRef = A001000108000001 /* ScanSession.swift */; };
		B001000109000001 /* OCRService.swift in Sources */ = {isa = PBXBuildFile; fileRef = A001000109000001 /* OCRService.swift */; };
		B001000110000001 /* ClaudeTranslationService.swift in Sources */ = {isa = PBXBuildFile; fileRef = A001000110000001 /* ClaudeTranslationService.swift */; };
		B001000111000001 /* OllamaTranslationService.swift in Sources */ = {isa = PBXBuildFile; fileRef = A001000111000001 /* OllamaTranslationService.swift */; };
		B001000112000001 /* TranslationManager.swift in Sources */ = {isa = PBXBuildFile; fileRef = A001000112000001 /* TranslationManager.swift */; };
		B001000113000001 /* TranslationBubble.swift in Sources */ = {isa = PBXBuildFile; fileRef = A001000113000001 /* TranslationBubble.swift */; };
		B001000114000001 /* LanguageToggle.swift in Sources */ = {isa = PBXBuildFile; fileRef = A001000114000001 /* LanguageToggle.swift */; };
		B001000115000001 /* VersionSwitcher.swift in Sources */ = {isa = PBXBuildFile; fileRef = A001000115000001 /* VersionSwitcher.swift */; };
		B001000116000001 /* Info.plist in Resources */ = {isa = PBXBuildFile; fileRef = A001000116000001 /* Info.plist */; };
		B001000117000001 /* Config.plist in Resources */ = {isa = PBXBuildFile; fileRef = A001000117000001 /* Config.plist */; };
/* End PBXBuildFile section */

/* Begin PBXFileReference section */
		A001000101000001 /* MangaLensApp.swift */ = {isa = PBXFileReference; lastKnownFileType = sourcecode.swift; path = MangaLensApp.swift; sourceTree = "<group>"; };
		A001000102000001 /* HomeView.swift */ = {isa = PBXFileReference; lastKnownFileType = sourcecode.swift; path = HomeView.swift; sourceTree = "<group>"; };
		A001000103000001 /* ScanView.swift */ = {isa = PBXFileReference; lastKnownFileType = sourcecode.swift; path = ScanView.swift; sourceTree = "<group>"; };
		A001000104000001 /* TranslationOverlayView.swift */ = {isa = PBXFileReference; lastKnownFileType = sourcecode.swift; path = TranslationOverlayView.swift; sourceTree = "<group>"; };
		A001000105000001 /* HistoryView.swift */ = {isa = PBXFileReference; lastKnownFileType = sourcecode.swift; path = HistoryView.swift; sourceTree = "<group>"; };
		A001000106000001 /* SettingsView.swift */ = {isa = PBXFileReference; lastKnownFileType = sourcecode.swift; path = SettingsView.swift; sourceTree = "<group>"; };
		A001000107000001 /* TranslationResult.swift */ = {isa = PBXFileReference; lastKnownFileType = sourcecode.swift; path = TranslationResult.swift; sourceTree = "<group>"; };
		A001000108000001 /* ScanSession.swift */ = {isa = PBXFileReference; lastKnownFileType = sourcecode.swift; path = ScanSession.swift; sourceTree = "<group>"; };
		A001000109000001 /* OCRService.swift */ = {isa = PBXFileReference; lastKnownFileType = sourcecode.swift; path = OCRService.swift; sourceTree = "<group>"; };
		A001000110000001 /* ClaudeTranslationService.swift */ = {isa = PBXFileReference; lastKnownFileType = sourcecode.swift; path = ClaudeTranslationService.swift; sourceTree = "<group>"; };
		A001000111000001 /* OllamaTranslationService.swift */ = {isa = PBXFileReference; lastKnownFileType = sourcecode.swift; path = OllamaTranslationService.swift; sourceTree = "<group>"; };
		A001000112000001 /* TranslationManager.swift */ = {isa = PBXFileReference; lastKnownFileType = sourcecode.swift; path = TranslationManager.swift; sourceTree = "<group>"; };
		A001000113000001 /* TranslationBubble.swift */ = {isa = PBXFileReference; lastKnownFileType = sourcecode.swift; path = TranslationBubble.swift; sourceTree = "<group>"; };
		A001000114000001 /* LanguageToggle.swift */ = {isa = PBXFileReference; lastKnownFileType = sourcecode.swift; path = LanguageToggle.swift; sourceTree = "<group>"; };
		A001000115000001 /* VersionSwitcher.swift */ = {isa = PBXFileReference; lastKnownFileType = sourcecode.swift; path = VersionSwitcher.swift; sourceTree = "<group>"; };
		A001000116000001 /* Info.plist */ = {isa = PBXFileReference; lastKnownFileType = text.plist.xml; path = Info.plist; sourceTree = "<group>"; };
		A001000117000001 /* Config.plist */ = {isa = PBXFileReference; lastKnownFileType = text.plist.xml; path = Config.plist; sourceTree = "<group>"; };
		F001000001000001 /* MangaLens.app */ = {isa = PBXFileReference; explicitFileType = wrapper.application; includeInIndex = 0; path = MangaLens.app; sourceTree = BUILT_PRODUCTS_DIR; };
/* End PBXFileReference section */

/* Begin PBXFrameworksBuildPhase section */
		C001000001000001 /* Frameworks */ = {
			isa = PBXFrameworksBuildPhase;
			buildActionMask = 2147483647;
			files = (
			);
			runOnlyForDeploymentPostprocessing = 0;
		};
/* End PBXFrameworksBuildPhase section */

/* Begin PBXGroup section */
		/* Root group */
		G000000000000001 = {
			isa = PBXGroup;
			children = (
				G001000001000001 /* MangaLens */,
				G001000002000001 /* Products */,
			);
			sourceTree = "<group>";
		};
		G001000001000001 /* MangaLens */ = {
			isa = PBXGroup;
			children = (
				G001000010000001 /* App */,
				G001000020000001 /* Views */,
				G001000030000001 /* Models */,
				G001000040000001 /* Services */,
				G001000050000001 /* Components */,
				A001000116000001 /* Info.plist */,
				A001000117000001 /* Config.plist */,
			);
			path = MangaLens;
			sourceTree = "<group>";
		};
		G001000010000001 /* App */ = {
			isa = PBXGroup;
			children = (
				A001000101000001 /* MangaLensApp.swift */,
			);
			path = App;
			sourceTree = "<group>";
		};
		G001000020000001 /* Views */ = {
			isa = PBXGroup;
			children = (
				A001000102000001 /* HomeView.swift */,
				A001000103000001 /* ScanView.swift */,
				A001000104000001 /* TranslationOverlayView.swift */,
				A001000105000001 /* HistoryView.swift */,
				A001000106000001 /* SettingsView.swift */,
			);
			path = Views;
			sourceTree = "<group>";
		};
		G001000030000001 /* Models */ = {
			isa = PBXGroup;
			children = (
				A001000107000001 /* TranslationResult.swift */,
				A001000108000001 /* ScanSession.swift */,
			);
			path = Models;
			sourceTree = "<group>";
		};
		G001000040000001 /* Services */ = {
			isa = PBXGroup;
			children = (
				A001000109000001 /* OCRService.swift */,
				A001000110000001 /* ClaudeTranslationService.swift */,
				A001000111000001 /* OllamaTranslationService.swift */,
				A001000112000001 /* TranslationManager.swift */,
			);
			path = Services;
			sourceTree = "<group>";
		};
		G001000050000001 /* Components */ = {
			isa = PBXGroup;
			children = (
				A001000113000001 /* TranslationBubble.swift */,
				A001000114000001 /* LanguageToggle.swift */,
				A001000115000001 /* VersionSwitcher.swift */,
			);
			path = Components;
			sourceTree = "<group>";
		};
		G001000002000001 /* Products */ = {
			isa = PBXGroup;
			children = (
				F001000001000001 /* MangaLens.app */,
			);
			name = Products;
			sourceTree = "<group>";
		};
/* End PBXGroup section */

/* Begin PBXNativeTarget section */
		T001000001000001 /* MangaLens */ = {
			isa = PBXNativeTarget;
			buildConfigurationList = XCL00001000001 /* Build configuration list for PBXNativeTarget "MangaLens" */;
			buildPhases = (
				S001000001000001 /* Sources */,
				C001000001000001 /* Frameworks */,
				R001000001000001 /* Resources */,
			);
			buildRules = (
			);
			dependencies = (
			);
			name = MangaLens;
			productName = MangaLens;
			productReference = F001000001000001 /* MangaLens.app */;
			productType = "com.apple.product-type.application";
		};
/* End PBXNativeTarget section */

/* Begin PBXProject section */
		P001000001000001 /* Project object */ = {
			isa = PBXProject;
			attributes = {
				BuildIndependentTargetsInParallel = 1;
				LastSwiftUpdateCheck = 1500;
				LastUpgradeCheck = 1500;
				TargetAttributes = {
					T001000001000001 = {
						CreatedOnToolsVersion = 15.0;
					};
				};
			};
			buildConfigurationList = XCL00002000001 /* Build configuration list for PBXProject "MangaLens" */;
			compatibilityVersion = "Xcode 14.0";
			developmentRegion = en;
			hasScannedForEncodings = 0;
			knownRegions = (
				en,
				Base,
			);
			mainGroup = G000000000000001;
			productRefGroup = G001000002000001 /* Products */;
			projectDirPath = "";
			projectRoot = "";
			targets = (
				T001000001000001 /* MangaLens */,
			);
		};
/* End PBXProject section */

/* Begin PBXResourcesBuildPhase section */
		R001000001000001 /* Resources */ = {
			isa = PBXResourcesBuildPhase;
			buildActionMask = 2147483647;
			files = (
				B001000116000001 /* Info.plist in Resources */,
				B001000117000001 /* Config.plist in Resources */,
			);
			runOnlyForDeploymentPostprocessing = 0;
		};
/* End PBXResourcesBuildPhase section */

/* Begin PBXSourcesBuildPhase section */
		S001000001000001 /* Sources */ = {
			isa = PBXSourcesBuildPhase;
			buildActionMask = 2147483647;
			files = (
				B001000101000001 /* MangaLensApp.swift in Sources */,
				B001000102000001 /* HomeView.swift in Sources */,
				B001000103000001 /* ScanView.swift in Sources */,
				B001000104000001 /* TranslationOverlayView.swift in Sources */,
				B001000105000001 /* HistoryView.swift in Sources */,
				B001000106000001 /* SettingsView.swift in Sources */,
				B001000107000001 /* TranslationResult.swift in Sources */,
				B001000108000001 /* ScanSession.swift in Sources */,
				B001000109000001 /* OCRService.swift in Sources */,
				B001000110000001 /* ClaudeTranslationService.swift in Sources */,
				B001000111000001 /* OllamaTranslationService.swift in Sources */,
				B001000112000001 /* TranslationManager.swift in Sources */,
				B001000113000001 /* TranslationBubble.swift in Sources */,
				B001000114000001 /* LanguageToggle.swift in Sources */,
				B001000115000001 /* VersionSwitcher.swift in Sources */,
			);
			runOnlyForDeploymentPostprocessing = 0;
		};
/* End PBXSourcesBuildPhase section */

/* Begin XCBuildConfiguration section */
		XCC00001000001 /* Debug */ = {
			isa = XCBuildConfiguration;
			buildSettings = {
				ALWAYS_SEARCH_USER_PATHS = NO;
				ASSETCATALOG_COMPILER_GENERATE_SWIFT_ASSET_SYMBOL_EXTENSIONS = YES;
				CLANG_ANALYZER_NONNULL = YES;
				CLANG_ANALYZER_NUMBER_OBJECT_CONVERSION = YES_AGGRESSIVE;
				CLANG_CXX_LANGUAGE_STANDARD = "gnu++20";
				CLANG_ENABLE_MODULES = YES;
				CLANG_ENABLE_OBJC_ARC = YES;
				CLANG_ENABLE_OBJC_WEAK = YES;
				CLANG_WARN_BLOCK_CAPTURE_AUTORELEASING = YES;
				CLANG_WARN_BOOL_CONVERSION = YES;
				CLANG_WARN_COMMA = YES;
				CLANG_WARN_CONSTANT_CONVERSION = YES;
				CLANG_WARN_DEPRECATED_OBJC_IMPLEMENTATIONS = YES;
				CLANG_WARN_DIRECT_OBJC_ISA_USAGE = YES_ERROR;
				CLANG_WARN_DOCUMENTATION_COMMENTS = YES;
				CLANG_WARN_EMPTY_BODY = YES;
				CLANG_WARN_ENUM_CONVERSION = YES;
				CLANG_WARN_INFINITE_RECURSION = YES;
				CLANG_WARN_INT_CONVERSION = YES;
				CLANG_WARN_NON_LITERAL_NULL_CONVERSION = YES;
				CLANG_WARN_OBJC_IMPLICIT_RETAIN_CYCLE = YES;
				CLANG_WARN_OBJC_LITERAL_CONVERSION = YES;
				CLANG_WARN_OBJC_ROOT_CLASS = YES_ERROR;
				CLANG_WARN_QUOTED_INCLUDE_IN_FRAMEWORK_HEADER = YES;
				CLANG_WARN_RANGE_LOOP_ANALYSIS = YES;
				CLANG_WARN_STRICT_PROTOTYPES = YES;
				CLANG_WARN_SUSPICIOUS_MOVE = YES;
				CLANG_WARN_UNGUARDED_AVAILABILITY = YES_AGGRESSIVE;
				CLANG_WARN_UNREACHABLE_CODE = YES;
				CLANG_WARN__DUPLICATE_METHOD_MATCH = YES;
				COPY_PHASE_STRIP = NO;
				DEBUG_INFORMATION_FORMAT = dwarf;
				ENABLE_STRICT_OBJC_MSGSEND = YES;
				ENABLE_TESTABILITY = YES;
				ENABLE_USER_SCRIPT_SANDBOXING = YES;
				GCC_C_LANGUAGE_STANDARD = gnu17;
				GCC_DYNAMIC_NO_PIC = NO;
				GCC_NO_COMMON_BLOCKS = YES;
				GCC_OPTIMIZATION_LEVEL = 0;
				GCC_PREPROCESSOR_DEFINITIONS = (
					"DEBUG=1",
					"$(inherited)",
				);
				GCC_WARN_64_TO_32_BIT_CONVERSION = YES;
				GCC_WARN_ABOUT_RETURN_TYPE = YES_ERROR;
				GCC_WARN_UNDECLARED_SELECTOR = YES;
				GCC_WARN_UNINITIALIZED_AUTOS = YES_AGGRESSIVE;
				GCC_WARN_UNUSED_FUNCTION = YES;
				GCC_WARN_UNUSED_VARIABLE = YES;
				IPHONEOS_DEPLOYMENT_TARGET = 16.0;
				MTL_ENABLE_DEBUG_INFO = INCLUDE_SOURCE;
				MTL_FAST_MATH = YES;
				ONLY_ACTIVE_ARCH = YES;
				SDKROOT = iphoneos;
				SWIFT_ACTIVE_COMPILATION_CONDITIONS = "DEBUG $(inherited)";
				SWIFT_OPTIMIZATION_LEVEL = "-Onone";
			};
			name = Debug;
		};
		XCC00002000001 /* Release */ = {
			isa = XCBuildConfiguration;
			buildSettings = {
				ALWAYS_SEARCH_USER_PATHS = NO;
				ASSETCATALOG_COMPILER_GENERATE_SWIFT_ASSET_SYMBOL_EXTENSIONS = YES;
				CLANG_ANALYZER_NONNULL = YES;
				CLANG_ANALYZER_NUMBER_OBJECT_CONVERSION = YES_AGGRESSIVE;
				CLANG_CXX_LANGUAGE_STANDARD = "gnu++20";
				CLANG_ENABLE_MODULES = YES;
				CLANG_ENABLE_OBJC_ARC = YES;
				CLANG_ENABLE_OBJC_WEAK = YES;
				CLANG_WARN_BLOCK_CAPTURE_AUTORELEASING = YES;
				CLANG_WARN_BOOL_CONVERSION = YES;
				CLANG_WARN_COMMA = YES;
				CLANG_WARN_CONSTANT_CONVERSION = YES;
				CLANG_WARN_DEPRECATED_OBJC_IMPLEMENTATIONS = YES;
				CLANG_WARN_DIRECT_OBJC_ISA_USAGE = YES_ERROR;
				CLANG_WARN_DOCUMENTATION_COMMENTS = YES;
				CLANG_WARN_EMPTY_BODY = YES;
				CLANG_WARN_ENUM_CONVERSION = YES;
				CLANG_WARN_INFINITE_RECURSION = YES;
				CLANG_WARN_INT_CONVERSION = YES;
				CLANG_WARN_NON_LITERAL_NULL_CONVERSION = YES;
				CLANG_WARN_OBJC_IMPLICIT_RETAIN_CYCLE = YES;
				CLANG_WARN_OBJC_LITERAL_CONVERSION = YES;
				CLANG_WARN_OBJC_ROOT_CLASS = YES_ERROR;
				CLANG_WARN_QUOTED_INCLUDE_IN_FRAMEWORK_HEADER = YES;
				CLANG_WARN_RANGE_LOOP_ANALYSIS = YES;
				CLANG_WARN_STRICT_PROTOTYPES = YES;
				CLANG_WARN_SUSPICIOUS_MOVE = YES;
				CLANG_WARN_UNGUARDED_AVAILABILITY = YES_AGGRESSIVE;
				CLANG_WARN_UNREACHABLE_CODE = YES;
				CLANG_WARN__DUPLICATE_METHOD_MATCH = YES;
				COPY_PHASE_STRIP = NO;
				DEBUG_INFORMATION_FORMAT = "dwarf-with-dsym";
				ENABLE_NS_ASSERTIONS = NO;
				ENABLE_STRICT_OBJC_MSGSEND = YES;
				ENABLE_USER_SCRIPT_SANDBOXING = YES;
				GCC_C_LANGUAGE_STANDARD = gnu17;
				GCC_NO_COMMON_BLOCKS = YES;
				GCC_WARN_64_TO_32_BIT_CONVERSION = YES;
				GCC_WARN_ABOUT_RETURN_TYPE = YES_ERROR;
				GCC_WARN_UNDECLARED_SELECTOR = YES;
				GCC_WARN_UNINITIALIZED_AUTOS = YES_AGGRESSIVE;
				GCC_WARN_UNUSED_FUNCTION = YES;
				GCC_WARN_UNUSED_VARIABLE = YES;
				IPHONEOS_DEPLOYMENT_TARGET = 16.0;
				MTL_FAST_MATH = YES;
				SDKROOT = iphoneos;
				SWIFT_COMPILATION_MODE = wholemodule;
				SWIFT_OPTIMIZATION_LEVEL = "-O";
				VALIDATE_PRODUCT = YES;
			};
			name = Release;
		};
		XCC00003000001 /* Debug */ = {
			isa = XCBuildConfiguration;
			buildSettings = {
				ASSETCATALOG_COMPILER_APPICON_NAME = AppIcon;
				ASSETCATALOG_COMPILER_GLOBAL_ACCENT_COLOR_NAME = AccentColor;
				CODE_SIGN_STYLE = Automatic;
				CURRENT_PROJECT_VERSION = 1;
				DEVELOPMENT_ASSET_PATHS = "";
				ENABLE_PREVIEWS = YES;
				GENERATE_INFOPLIST_FILE = NO;
				INFOPLIST_FILE = MangaLens/Info.plist;
				IPHONEOS_DEPLOYMENT_TARGET = 16.0;
				LD_RUNPATH_SEARCH_PATHS = (
					"$(inherited)",
					"@executable_path/Frameworks",
				);
				MARKETING_VERSION = 1.0;
				PRODUCT_BUNDLE_IDENTIFIER = com.mangalens.app;
				PRODUCT_NAME = "$(TARGET_NAME)";
				SWIFT_EMIT_LOC_STRINGS = YES;
				SWIFT_VERSION = 5.9;
				TARGETED_DEVICE_FAMILY = "1,2";
			};
			name = Debug;
		};
		XCC00004000001 /* Release */ = {
			isa = XCBuildConfiguration;
			buildSettings = {
				ASSETCATALOG_COMPILER_APPICON_NAME = AppIcon;
				ASSETCATALOG_COMPILER_GLOBAL_ACCENT_COLOR_NAME = AccentColor;
				CODE_SIGN_STYLE = Automatic;
				CURRENT_PROJECT_VERSION = 1;
				DEVELOPMENT_ASSET_PATHS = "";
				ENABLE_PREVIEWS = YES;
				GENERATE_INFOPLIST_FILE = NO;
				INFOPLIST_FILE = MangaLens/Info.plist;
				IPHONEOS_DEPLOYMENT_TARGET = 16.0;
				LD_RUNPATH_SEARCH_PATHS = (
					"$(inherited)",
					"@executable_path/Frameworks",
				);
				MARKETING_VERSION = 1.0;
				PRODUCT_BUNDLE_IDENTIFIER = com.mangalens.app;
				PRODUCT_NAME = "$(TARGET_NAME)";
				SWIFT_EMIT_LOC_STRINGS = YES;
				SWIFT_VERSION = 5.9;
				TARGETED_DEVICE_FAMILY = "1,2";
			};
			name = Release;
		};
/* End XCBuildConfiguration section */

/* Begin XCConfigurationList section */
		XCL00001000001 /* Build configuration list for PBXNativeTarget "MangaLens" */ = {
			isa = XCConfigurationList;
			buildConfigurations = (
				XCC00003000001 /* Debug */,
				XCC00004000001 /* Release */,
			);
			defaultConfigurationIsVisible = 0;
			defaultConfigurationName = Release;
		};
		XCL00002000001 /* Build configuration list for PBXProject "MangaLens" */ = {
			isa = XCConfigurationList;
			buildConfigurations = (
				XCC00001000001 /* Debug */,
				XCC00002000001 /* Release */,
			);
			defaultConfigurationIsVisible = 0;
			defaultConfigurationName = Release;
		};
/* End XCConfigurationList section */
	};
	rootObject = P001000001000001 /* Project object */;
}
